block:
  description: Generates a Dockerfile in the project directory using a language/server template.
  layer: source
  required_tech_stack: true

provides: {}

requires: {}

config:
  basic:
    - name: language
      description: Application language.
    - name: package_manager
      description: Package manager to use.
    - name: server
      description: Web server or runtime entrypoint.

  advanced:
    - name: language_version
      description: Language runtime version tag.
      default: "3"
    - name: server_version
      description: Server image version tag.
      default: "1"
    - name: target_folder
      description: Project directory to write the Dockerfile into. Defaults to project.path.

  secrets: []